
Microsoft Visual Studio Solution File, Format Version 12.00
# Visual Studio 15
VisualStudioVersion = 15.0.26124.0
MinimumVisualStudioVersion = 15.0.26124.0
Project("{2150E333-8FDC-42A3-9474-1A3956D46DE8}") = "src", "src", "{9084D777-0F56-438D-88B0-2E0A02917C74}"
EndProject
Project("{2150E333-8FDC-42A3-9474-1A3956D46DE8}") = "Packages", "Packages", "{C76635D6-CB32-45C9-ACB8-E4A0688608DD}"
EndProject
Project("{2150E333-8FDC-42A3-9474-1A3956D46DE8}") = "Samples", "Samples", "{D91E24FF-A141-470B-ABF0-8FBC8F9750E2}"
EndProject
Project("{FAE04EC0-301F-11D3-BF4B-00C04F79EFBC}") = "CoreArk.Packages.Common", "src\Packages\CoreArk.Packages.Common\CoreArk.Packages.Common.csproj", "{F19413D8-B178-455E-AF49-BA77E9BEECC5}"
EndProject
Project("{FAE04EC0-301F-11D3-BF4B-00C04F79EFBC}") = "CoreArk.Packages.Core", "src\Packages\CoreArk.Packages.Core\CoreArk.Packages.Core.csproj", "{579C766E-FD8E-4463-91B4-0E7776FEC897}"
EndProject
Project("{FAE04EC0-301F-11D3-BF4B-00C04F79EFBC}") = "CoreArk.Packages.Exceptions", "src\Packages\CoreArk.Packages.Exceptions\CoreArk.Packages.Exceptions.csproj", "{FFC78076-CB16-498F-84DD-188A65133671}"
EndProject
Project("{FAE04EC0-301F-11D3-BF4B-00C04F79EFBC}") = "CoreArk.Packages.Models", "src\Packages\CoreArk.Packages.Models\CoreArk.Packages.Models.csproj", "{0D8D3AC6-FAC8-4E1F-89C6-FEBA0FF5AC49}"
EndProject
Project("{FAE04EC0-301F-11D3-BF4B-00C04F79EFBC}") = "CoreArk.Packages.Security", "src\Packages\CoreArk.Packages.Security\CoreArk.Packages.Security.csproj", "{3EEE34AD-E6BD-4E2E-AD6F-13DE50C38019}"
EndProject
Project("{FAE04EC0-301F-11D3-BF4B-00C04F79EFBC}") = "CoreArk.Packages.Services", "src\Packages\CoreArk.Packages.Services\CoreArk.Packages.Services.csproj", "{6A518667-CCF0-4496-AF59-ECE8D44E8CEB}"
EndProject
Project("{FAE04EC0-301F-11D3-BF4B-00C04F79EFBC}") = "CoreArk.Packages.Web", "src\Packages\CoreArk.Packages.Web\CoreArk.Packages.Web.csproj", "{E66BB655-E6D2-4183-AA38-3EF7DF4B66D8}"
EndProject
Global
	GlobalSection(SolutionConfigurationPlatforms) = preSolution
		Debug|Any CPU = Debug|Any CPU
		Debug|x64 = Debug|x64
		Debug|x86 = Debug|x86
		Release|Any CPU = Release|Any CPU
		Release|x64 = Release|x64
		Release|x86 = Release|x86
	EndGlobalSection
	GlobalSection(SolutionProperties) = preSolution
		HideSolutionNode = FALSE
	EndGlobalSection
	GlobalSection(NestedProjects) = preSolution
		{C76635D6-CB32-45C9-ACB8-E4A0688608DD} = {9084D777-0F56-438D-88B0-2E0A02917C74}
		{D91E24FF-A141-470B-ABF0-8FBC8F9750E2} = {9084D777-0F56-438D-88B0-2E0A02917C74}
		{F19413D8-B178-455E-AF49-BA77E9BEECC5} = {C76635D6-CB32-45C9-ACB8-E4A0688608DD}
		{579C766E-FD8E-4463-91B4-0E7776FEC897} = {C76635D6-CB32-45C9-ACB8-E4A0688608DD}
		{FFC78076-CB16-498F-84DD-188A65133671} = {C76635D6-CB32-45C9-ACB8-E4A0688608DD}
		{0D8D3AC6-FAC8-4E1F-89C6-FEBA0FF5AC49} = {C76635D6-CB32-45C9-ACB8-E4A0688608DD}
		{3EEE34AD-E6BD-4E2E-AD6F-13DE50C38019} = {C76635D6-CB32-45C9-ACB8-E4A0688608DD}
		{6A518667-CCF0-4496-AF59-ECE8D44E8CEB} = {C76635D6-CB32-45C9-ACB8-E4A0688608DD}
		{E66BB655-E6D2-4183-AA38-3EF7DF4B66D8} = {C76635D6-CB32-45C9-ACB8-E4A0688608DD}
	EndGlobalSection
	GlobalSection(ProjectConfigurationPlatforms) = postSolution
		{F19413D8-B178-455E-AF49-BA77E9BEECC5}.Debug|Any CPU.ActiveCfg = Debug|Any CPU
		{F19413D8-B178-455E-AF49-BA77E9BEECC5}.Debug|Any CPU.Build.0 = Debug|Any CPU
		{F19413D8-B178-455E-AF49-BA77E9BEECC5}.Debug|x64.ActiveCfg = Debug|Any CPU
		{F19413D8-B178-455E-AF49-BA77E9BEECC5}.Debug|x64.Build.0 = Debug|Any CPU
		{F19413D8-B178-455E-AF49-BA77E9BEECC5}.Debug|x86.ActiveCfg = Debug|Any CPU
		{F19413D8-B178-455E-AF49-BA77E9BEECC5}.Debug|x86.Build.0 = Debug|Any CPU
		{F19413D8-B178-455E-AF49-BA77E9BEECC5}.Release|Any CPU.ActiveCfg = Release|Any CPU
		{F19413D8-B178-455E-AF49-BA77E9BEECC5}.Release|Any CPU.Build.0 = Release|Any CPU
		{F19413D8-B178-455E-AF49-BA77E9BEECC5}.Release|x64.ActiveCfg = Release|Any CPU
		{F19413D8-B178-455E-AF49-BA77E9BEECC5}.Release|x64.Build.0 = Release|Any CPU
		{F19413D8-B178-455E-AF49-BA77E9BEECC5}.Release|x86.ActiveCfg = Release|Any CPU
		{F19413D8-B178-455E-AF49-BA77E9BEECC5}.Release|x86.Build.0 = Release|Any CPU
		{579C766E-FD8E-4463-91B4-0E7776FEC897}.Debug|Any CPU.ActiveCfg = Debug|Any CPU
		{579C766E-FD8E-4463-91B4-0E7776FEC897}.Debug|Any CPU.Build.0 = Debug|Any CPU
		{579C766E-FD8E-4463-91B4-0E7776FEC897}.Debug|x64.ActiveCfg = Debug|Any CPU
		{579C766E-FD8E-4463-91B4-0E7776FEC897}.Debug|x64.Build.0 = Debug|Any CPU
		{579C766E-FD8E-4463-91B4-0E7776FEC897}.Debug|x86.ActiveCfg = Debug|Any CPU
		{579C766E-FD8E-4463-91B4-0E7776FEC897}.Debug|x86.Build.0 = Debug|Any CPU
		{579C766E-FD8E-4463-91B4-0E7776FEC897}.Release|Any CPU.ActiveCfg = Release|Any CPU
		{579C766E-FD8E-4463-91B4-0E7776FEC897}.Release|Any CPU.Build.0 = Release|Any CPU
		{579C766E-FD8E-4463-91B4-0E7776FEC897}.Release|x64.ActiveCfg = Release|Any CPU
		{579C766E-FD8E-4463-91B4-0E7776FEC897}.Release|x64.Build.0 = Release|Any CPU
		{579C766E-FD8E-4463-91B4-0E7776FEC897}.Release|x86.ActiveCfg = Release|Any CPU
		{579C766E-FD8E-4463-91B4-0E7776FEC897}.Release|x86.Build.0 = Release|Any CPU
		{FFC78076-CB16-498F-84DD-188A65133671}.Debug|Any CPU.ActiveCfg = Debug|Any CPU
		{FFC78076-CB16-498F-84DD-188A65133671}.Debug|Any CPU.Build.0 = Debug|Any CPU
		{FFC78076-CB16-498F-84DD-188A65133671}.Debug|x64.ActiveCfg = Debug|Any CPU
		{FFC78076-CB16-498F-84DD-188A65133671}.Debug|x64.Build.0 = Debug|Any CPU
		{FFC78076-CB16-498F-84DD-188A65133671}.Debug|x86.ActiveCfg = Debug|Any CPU
		{FFC78076-CB16-498F-84DD-188A65133671}.Debug|x86.Build.0 = Debug|Any CPU
		{FFC78076-CB16-498F-84DD-188A65133671}.Release|Any CPU.ActiveCfg = Release|Any CPU
		{FFC78076-CB16-498F-84DD-188A65133671}.Release|Any CPU.Build.0 = Release|Any CPU
		{FFC78076-CB16-498F-84DD-188A65133671}.Release|x64.ActiveCfg = Release|Any CPU
		{FFC78076-CB16-498F-84DD-188A65133671}.Release|x64.Build.0 = Release|Any CPU
		{FFC78076-CB16-498F-84DD-188A65133671}.Release|x86.ActiveCfg = Release|Any CPU
		{FFC78076-CB16-498F-84DD-188A65133671}.Release|x86.Build.0 = Release|Any CPU
		{0D8D3AC6-FAC8-4E1F-89C6-FEBA0FF5AC49}.Debug|Any CPU.ActiveCfg = Debug|Any CPU
		{0D8D3AC6-FAC8-4E1F-89C6-FEBA0FF5AC49}.Debug|Any CPU.Build.0 = Debug|Any CPU
		{0D8D3AC6-FAC8-4E1F-89C6-FEBA0FF5AC49}.Debug|x64.ActiveCfg = Debug|Any CPU
		{0D8D3AC6-FAC8-4E1F-89C6-FEBA0FF5AC49}.Debug|x64.Build.0 = Debug|Any CPU
		{0D8D3AC6-FAC8-4E1F-89C6-FEBA0FF5AC49}.Debug|x86.ActiveCfg = Debug|Any CPU
		{0D8D3AC6-FAC8-4E1F-89C6-FEBA0FF5AC49}.Debug|x86.Build.0 = Debug|Any CPU
		{0D8D3AC6-FAC8-4E1F-89C6-FEBA0FF5AC49}.Release|Any CPU.ActiveCfg = Release|Any CPU
		{0D8D3AC6-FAC8-4E1F-89C6-FEBA0FF5AC49}.Release|Any CPU.Build.0 = Release|Any CPU
		{0D8D3AC6-FAC8-4E1F-89C6-FEBA0FF5AC49}.Release|x64.ActiveCfg = Release|Any CPU
		{0D8D3AC6-FAC8-4E1F-89C6-FEBA0FF5AC49}.Release|x64.Build.0 = Release|Any CPU
		{0D8D3AC6-FAC8-4E1F-89C6-FEBA0FF5AC49}.Release|x86.ActiveCfg = Release|Any CPU
		{0D8D3AC6-FAC8-4E1F-89C6-FEBA0FF5AC49}.Release|x86.Build.0 = Release|Any CPU
		{3EEE34AD-E6BD-4E2E-AD6F-13DE50C38019}.Debug|Any CPU.ActiveCfg = Debug|Any CPU
		{3EEE34AD-E6BD-4E2E-AD6F-13DE50C38019}.Debug|Any CPU.Build.0 = Debug|Any CPU
		{3EEE34AD-E6BD-4E2E-AD6F-13DE50C38019}.Debug|x64.ActiveCfg = Debug|Any CPU
		{3EEE34AD-E6BD-4E2E-AD6F-13DE50C38019}.Debug|x64.Build.0 = Debug|Any CPU
		{3EEE34AD-E6BD-4E2E-AD6F-13DE50C38019}.Debug|x86.ActiveCfg = Debug|Any CPU
		{3EEE34AD-E6BD-4E2E-AD6F-13DE50C38019}.Debug|x86.Build.0 = Debug|Any CPU
		{3EEE34AD-E6BD-4E2E-AD6F-13DE50C38019}.Release|Any CPU.ActiveCfg = Release|Any CPU
		{3EEE34AD-E6BD-4E2E-AD6F-13DE50C38019}.Release|Any CPU.Build.0 = Release|Any CPU
		{3EEE34AD-E6BD-4E2E-AD6F-13DE50C38019}.Release|x64.ActiveCfg = Release|Any CPU
		{3EEE34AD-E6BD-4E2E-AD6F-13DE50C38019}.Release|x64.Build.0 = Release|Any CPU
		{3EEE34AD-E6BD-4E2E-AD6F-13DE50C38019}.Release|x86.ActiveCfg = Release|Any CPU
		{3EEE34AD-E6BD-4E2E-AD6F-13DE50C38019}.Release|x86.Build.0 = Release|Any CPU
		{6A518667-CCF0-4496-AF59-ECE8D44E8CEB}.Debug|Any CPU.ActiveCfg = Debug|Any CPU
		{6A518667-CCF0-4496-AF59-ECE8D44E8CEB}.Debug|Any CPU.Build.0 = Debug|Any CPU
		{6A518667-CCF0-4496-AF59-ECE8D44E8CEB}.Debug|x64.ActiveCfg = Debug|Any CPU
		{6A518667-CCF0-4496-AF59-ECE8D44E8CEB}.Debug|x64.Build.0 = Debug|Any CPU
		{6A518667-CCF0-4496-AF59-ECE8D44E8CEB}.Debug|x86.ActiveCfg = Debug|Any CPU
		{6A518667-CCF0-4496-AF59-ECE8D44E8CEB}.Debug|x86.Build.0 = Debug|Any CPU
		{6A518667-CCF0-4496-AF59-ECE8D44E8CEB}.Release|Any CPU.ActiveCfg = Release|Any CPU
		{6A518667-CCF0-4496-AF59-ECE8D44E8CEB}.Release|Any CPU.Build.0 = Release|Any CPU
		{6A518667-CCF0-4496-AF59-ECE8D44E8CEB}.Release|x64.ActiveCfg = Release|Any CPU
		{6A518667-CCF0-4496-AF59-ECE8D44E8CEB}.Release|x64.Build.0 = Release|Any CPU
		{6A518667-CCF0-4496-AF59-ECE8D44E8CEB}.Release|x86.ActiveCfg = Release|Any CPU
		{6A518667-CCF0-4496-AF59-ECE8D44E8CEB}.Release|x86.Build.0 = Release|Any CPU
		{E66BB655-E6D2-4183-AA38-3EF7DF4B66D8}.Debug|Any CPU.ActiveCfg = Debug|Any CPU
		{E66BB655-E6D2-4183-AA38-3EF7DF4B66D8}.Debug|Any CPU.Build.0 = Debug|Any CPU
		{E66BB655-E6D2-4183-AA38-3EF7DF4B66D8}.Debug|x64.ActiveCfg = Debug|Any CPU
		{E66BB655-E6D2-4183-AA38-3EF7DF4B66D8}.Debug|x64.Build.0 = Debug|Any CPU
		{E66BB655-E6D2-4183-AA38-3EF7DF4B66D8}.Debug|x86.ActiveCfg = Debug|Any CPU
		{E66BB655-E6D2-4183-AA38-3EF7DF4B66D8}.Debug|x86.Build.0 = Debug|Any CPU
		{E66BB655-E6D2-4183-AA38-3EF7DF4B66D8}.Release|Any CPU.ActiveCfg = Release|Any CPU
		{E66BB655-E6D2-4183-AA38-3EF7DF4B66D8}.Release|Any CPU.Build.0 = Release|Any CPU
		{E66BB655-E6D2-4183-AA38-3EF7DF4B66D8}.Release|x64.ActiveCfg = Release|Any CPU
		{E66BB655-E6D2-4183-AA38-3EF7DF4B66D8}.Release|x64.Build.0 = Release|Any CPU
		{E66BB655-E6D2-4183-AA38-3EF7DF4B66D8}.Release|x86.ActiveCfg = Release|Any CPU
		{E66BB655-E6D2-4183-AA38-3EF7DF4B66D8}.Release|x86.Build.0 = Release|Any CPU
	EndGlobalSection
EndGlobal
